
Microsoft Visual Studio Solution File, Format Version 12.00
# Visual Studio 15
VisualStudioVersion = 15.0.28307.1831
MinimumVisualStudioVersion = 10.0.40219.1
Project("{F184B08F-C81C-45F6-A57F-5ABD9991F28F}") = "ahm", "ahm\ahm.vbproj", "{C2A4C623-6BEE-4C9E-8BB6-C2D6533F3571}"
EndProject
Global
	GlobalSection(SolutionConfigurationPlatforms) = preSolution
		Debug|Any CPU = Debug|Any CPU
		Release|Any CPU = Release|Any CPU
	EndGlobalSection
	GlobalSection(ProjectConfigurationPlatforms) = postSolution
		{C2A4C623-6BEE-4C9E-8BB6-C2D6533F3571}.Debug|Any CPU.ActiveCfg = Debug|Any CPU
		{C2A4C623-6BEE-4C9E-8BB6-C2D6533F3571}.Debug|Any CPU.Build.0 = Debug|Any CPU
		{C2A4C623-6BEE-4C9E-8BB6-C2D6533F3571}.Release|Any CPU.ActiveCfg = Release|Any CPU
		{C2A4C623-6BEE-4C9E-8BB6-C2D6533F3571}.Release|Any CPU.Build.0 = Release|Any CPU
	EndGlobalSection
	GlobalSection(SolutionProperties) = preSolution
		HideSolutionNode = FALSE
	EndGlobalSection
	GlobalSection(ExtensibilityGlobals) = postSolution
		SolutionGuid = {61989115-7E6B-45F6-BE54-3E2AFCCBC234}
	EndGlobalSection
EndGlobal
